
Microsoft Visual Studio Solution File, Format Version 12.00
# Visual Studio Version 16
VisualStudioVersion = 16.0.29009.5
MinimumVisualStudioVersion = 10.0.40219.1
Project("{FAE04EC0-301F-11D3-BF4B-00C04F79EFBC}") = "MessHash v1.0", "..\MessHash v1.0\MessHash\MessHash v1.0.csproj", "{2EEF906B-595E-4163-A6B1-D6ED648A7753}"
EndProject
Global
	GlobalSection(SolutionConfigurationPlatforms) = preSolution
		Debug|Any CPU = Debug|Any CPU
		Release|Any CPU = Release|Any CPU
	EndGlobalSection
	GlobalSection(ProjectConfigurationPlatforms) = postSolution
		{2EEF906B-595E-4163-A6B1-D6ED648A7753}.Debug|Any CPU.ActiveCfg = Debug|Any CPU
		{2EEF906B-595E-4163-A6B1-D6ED648A7753}.Debug|Any CPU.Build.0 = Debug|Any CPU
		{2EEF906B-595E-4163-A6B1-D6ED648A7753}.Release|Any CPU.ActiveCfg = Release|Any CPU
		{2EEF906B-595E-4163-A6B1-D6ED648A7753}.Release|Any CPU.Build.0 = Release|Any CPU
	EndGlobalSection
	GlobalSection(SolutionProperties) = preSolution
		HideSolutionNode = FALSE
	EndGlobalSection
	GlobalSection(ExtensibilityGlobals) = postSolution
		SolutionGuid = {1CDA9096-4267-4EF2-92C4-3976DD2B0125}
	EndGlobalSection
EndGlobal
